
Microsoft Visual Studio Solution File, Format Version 12.00
# Visual Studio 15
VisualStudioVersion = 15.0.28307.438
MinimumVisualStudioVersion = 10.0.40219.1
Project("{FAE04EC0-301F-11D3-BF4B-00C04F79EFBC}") = "Estacionamiento", "Estacionamiento\Estacionamiento.csproj", "{51566BF4-4C41-457D-BD98-5131427FF407}"
EndProject
Global
	GlobalSection(SolutionConfigurationPlatforms) = preSolution
		Debug|Any CPU = Debug|Any CPU
		Release|Any CPU = Release|Any CPU
	EndGlobalSection
	GlobalSection(ProjectConfigurationPlatforms) = postSolution
		{51566BF4-4C41-457D-BD98-5131427FF407}.Debug|Any CPU.ActiveCfg = Debug|Any CPU
		{51566BF4-4C41-457D-BD98-5131427FF407}.Debug|Any CPU.Build.0 = Debug|Any CPU
		{51566BF4-4C41-457D-BD98-5131427FF407}.Release|Any CPU.ActiveCfg = Release|Any CPU
		{51566BF4-4C41-457D-BD98-5131427FF407}.Release|Any CPU.Build.0 = Release|Any CPU
	EndGlobalSection
	GlobalSection(SolutionProperties) = preSolution
		HideSolutionNode = FALSE
	EndGlobalSection
	GlobalSection(ExtensibilityGlobals) = postSolution
		SolutionGuid = {7BDFA8F5-E935-4EED-A9FE-AD11433D0850}
	EndGlobalSection
EndGlobal
